
Microsoft Visual Studio Solution File, Format Version 12.00
# Visual Studio Version 17
VisualStudioVersion = 17.8.34309.116
MinimumVisualStudioVersion = 10.0.40219.1
Project("{FAE04EC0-301F-11D3-BF4B-00C04F79EFBC}") = "Treinamento", "Treinamento.csproj", "{C9650EEC-2DBB-4B5E-9DF5-DFABC14909C8}"
EndProject
Project("{2150E333-8FDC-42A3-9474-1A3956D46DE8}") = "Itens de Solução", "Itens de Solução", "{FA0BD268-590C-4AA2-87AB-8F5268144A5C}"
	ProjectSection(SolutionItems) = preProject
		Funcionario.cs = Funcionario.cs
		Pessoa.cs = Pessoa.cs
	EndProjectSection
EndProject
Global
	GlobalSection(SolutionConfigurationPlatforms) = preSolution
		Debug|Any CPU = Debug|Any CPU
		Release|Any CPU = Release|Any CPU
	EndGlobalSection
	GlobalSection(ProjectConfigurationPlatforms) = postSolution
		{C9650EEC-2DBB-4B5E-9DF5-DFABC14909C8}.Debug|Any CPU.ActiveCfg = Debug|Any CPU
		{C9650EEC-2DBB-4B5E-9DF5-DFABC14909C8}.Debug|Any CPU.Build.0 = Debug|Any CPU
		{C9650EEC-2DBB-4B5E-9DF5-DFABC14909C8}.Release|Any CPU.ActiveCfg = Release|Any CPU
		{C9650EEC-2DBB-4B5E-9DF5-DFABC14909C8}.Release|Any CPU.Build.0 = Release|Any CPU
	EndGlobalSection
	GlobalSection(SolutionProperties) = preSolution
		HideSolutionNode = FALSE
	EndGlobalSection
	GlobalSection(ExtensibilityGlobals) = postSolution
		SolutionGuid = {17DC645F-10D2-4941-B60F-7557778ECB78}
	EndGlobalSection
EndGlobal
